
Microsoft Visual Studio Solution File, Format Version 12.00
# Visual Studio 15
VisualStudioVersion = 15.0.26124.0
MinimumVisualStudioVersion = 15.0.26124.0
Project("{FAE04EC0-301F-11D3-BF4B-00C04F79EFBC}") = "Curve", "Curve\Curve.csproj", "{8515F0FE-EB22-4606-8FBE-6B40D24A7DF7}"
EndProject
Project("{FAE04EC0-301F-11D3-BF4B-00C04F79EFBC}") = "Test", "Test\Test.csproj", "{47899FDF-4550-4966-B1A5-547322E773C0}"
EndProject
Global
	GlobalSection(SolutionConfigurationPlatforms) = preSolution
		Debug|Any CPU = Debug|Any CPU
		Debug|x64 = Debug|x64
		Debug|x86 = Debug|x86
		Release|Any CPU = Release|Any CPU
		Release|x64 = Release|x64
		Release|x86 = Release|x86
	EndGlobalSection
	GlobalSection(SolutionProperties) = preSolution
		HideSolutionNode = FALSE
	EndGlobalSection
	GlobalSection(ProjectConfigurationPlatforms) = postSolution
		{8515F0FE-EB22-4606-8FBE-6B40D24A7DF7}.Debug|Any CPU.ActiveCfg = Debug|Any CPU
		{8515F0FE-EB22-4606-8FBE-6B40D24A7DF7}.Debug|Any CPU.Build.0 = Debug|Any CPU
		{8515F0FE-EB22-4606-8FBE-6B40D24A7DF7}.Debug|x64.ActiveCfg = Debug|Any CPU
		{8515F0FE-EB22-4606-8FBE-6B40D24A7DF7}.Debug|x64.Build.0 = Debug|Any CPU
		{8515F0FE-EB22-4606-8FBE-6B40D24A7DF7}.Debug|x86.ActiveCfg = Debug|Any CPU
		{8515F0FE-EB22-4606-8FBE-6B40D24A7DF7}.Debug|x86.Build.0 = Debug|Any CPU
		{8515F0FE-EB22-4606-8FBE-6B40D24A7DF7}.Release|Any CPU.ActiveCfg = Release|Any CPU
		{8515F0FE-EB22-4606-8FBE-6B40D24A7DF7}.Release|Any CPU.Build.0 = Release|Any CPU
		{8515F0FE-EB22-4606-8FBE-6B40D24A7DF7}.Release|x64.ActiveCfg = Release|Any CPU
		{8515F0FE-EB22-4606-8FBE-6B40D24A7DF7}.Release|x64.Build.0 = Release|Any CPU
		{8515F0FE-EB22-4606-8FBE-6B40D24A7DF7}.Release|x86.ActiveCfg = Release|Any CPU
		{8515F0FE-EB22-4606-8FBE-6B40D24A7DF7}.Release|x86.Build.0 = Release|Any CPU
		{47899FDF-4550-4966-B1A5-547322E773C0}.Debug|Any CPU.ActiveCfg = Debug|Any CPU
		{47899FDF-4550-4966-B1A5-547322E773C0}.Debug|Any CPU.Build.0 = Debug|Any CPU
		{47899FDF-4550-4966-B1A5-547322E773C0}.Debug|x64.ActiveCfg = Debug|Any CPU
		{47899FDF-4550-4966-B1A5-547322E773C0}.Debug|x64.Build.0 = Debug|Any CPU
		{47899FDF-4550-4966-B1A5-547322E773C0}.Debug|x86.ActiveCfg = Debug|Any CPU
		{47899FDF-4550-4966-B1A5-547322E773C0}.Debug|x86.Build.0 = Debug|Any CPU
		{47899FDF-4550-4966-B1A5-547322E773C0}.Release|Any CPU.ActiveCfg = Release|Any CPU
		{47899FDF-4550-4966-B1A5-547322E773C0}.Release|Any CPU.Build.0 = Release|Any CPU
		{47899FDF-4550-4966-B1A5-547322E773C0}.Release|x64.ActiveCfg = Release|Any CPU
		{47899FDF-4550-4966-B1A5-547322E773C0}.Release|x64.Build.0 = Release|Any CPU
		{47899FDF-4550-4966-B1A5-547322E773C0}.Release|x86.ActiveCfg = Release|Any CPU
		{47899FDF-4550-4966-B1A5-547322E773C0}.Release|x86.Build.0 = Release|Any CPU
	EndGlobalSection
EndGlobal
